
Microsoft Visual Studio Solution File, Format Version 12.00
# Visual Studio Version 17
VisualStudioVersion = 17.8.34511.84
MinimumVisualStudioVersion = 10.0.40219.1
Project("{9A19103F-16F7-4668-BE54-9A1E7A4F7556}") = "Backend-TechFix", "Backend-TechFix.csproj", "{28CD1120-C062-4E84-86F8-5C9650B692C4}"
EndProject
Global
	GlobalSection(SolutionConfigurationPlatforms) = preSolution
		Debug|Any CPU = Debug|Any CPU
		Release|Any CPU = Release|Any CPU
	EndGlobalSection
	GlobalSection(ProjectConfigurationPlatforms) = postSolution
		{28CD1120-C062-4E84-86F8-5C9650B692C4}.Debug|Any CPU.ActiveCfg = Debug|Any CPU
		{28CD1120-C062-4E84-86F8-5C9650B692C4}.Debug|Any CPU.Build.0 = Debug|Any CPU
		{28CD1120-C062-4E84-86F8-5C9650B692C4}.Release|Any CPU.ActiveCfg = Release|Any CPU
		{28CD1120-C062-4E84-86F8-5C9650B692C4}.Release|Any CPU.Build.0 = Release|Any CPU
	EndGlobalSection
	GlobalSection(SolutionProperties) = preSolution
		HideSolutionNode = FALSE
	EndGlobalSection
	GlobalSection(ExtensibilityGlobals) = postSolution
		SolutionGuid = {8BCE168A-BA97-4A93-A89D-AB7D8D356D8C}
	EndGlobalSection
EndGlobal
